
Microsoft Visual Studio Solution File, Format Version 12.00
# Visual Studio Version 16
VisualStudioVersion = 16.0.30320.27
MinimumVisualStudioVersion = 10.0.40219.1
Project("{FAE04EC0-301F-11D3-BF4B-00C04F79EFBC}") = "GO", "GestionOperaciones\GO.csproj", "{6B5ABC5D-AC90-4297-B99E-9757C04293AA}"
EndProject
Project("{FAE04EC0-301F-11D3-BF4B-00C04F79EFBC}") = "EndesaBusiness", "..\EndesaBusiness\EndesaBusiness\EndesaBusiness.csproj", "{FDD4BB7A-AAAB-4586-9A1C-55CBF2394E83}"
EndProject
Project("{FAE04EC0-301F-11D3-BF4B-00C04F79EFBC}") = "EndesaEntity", "..\EndesaEntity\EndesaEntity\EndesaEntity.csproj", "{CD4F6101-96E8-4BD6-B966-229C23975986}"
EndProject
Global
	GlobalSection(SolutionConfigurationPlatforms) = preSolution
		Debug|Any CPU = Debug|Any CPU
		Debug|x64 = Debug|x64
		Release|Any CPU = Release|Any CPU
		Release|x64 = Release|x64
	EndGlobalSection
	GlobalSection(ProjectConfigurationPlatforms) = postSolution
		{6B5ABC5D-AC90-4297-B99E-9757C04293AA}.Debug|Any CPU.ActiveCfg = Debug|Any CPU
		{6B5ABC5D-AC90-4297-B99E-9757C04293AA}.Debug|Any CPU.Build.0 = Debug|Any CPU
		{6B5ABC5D-AC90-4297-B99E-9757C04293AA}.Debug|x64.ActiveCfg = Debug|x64
		{6B5ABC5D-AC90-4297-B99E-9757C04293AA}.Debug|x64.Build.0 = Debug|x64
		{6B5ABC5D-AC90-4297-B99E-9757C04293AA}.Release|Any CPU.ActiveCfg = Release|Any CPU
		{6B5ABC5D-AC90-4297-B99E-9757C04293AA}.Release|Any CPU.Build.0 = Release|Any CPU
		{6B5ABC5D-AC90-4297-B99E-9757C04293AA}.Release|x64.ActiveCfg = Release|x64
		{6B5ABC5D-AC90-4297-B99E-9757C04293AA}.Release|x64.Build.0 = Release|x64
		{FDD4BB7A-AAAB-4586-9A1C-55CBF2394E83}.Debug|Any CPU.ActiveCfg = Debug|Any CPU
		{FDD4BB7A-AAAB-4586-9A1C-55CBF2394E83}.Debug|Any CPU.Build.0 = Debug|Any CPU
		{FDD4BB7A-AAAB-4586-9A1C-55CBF2394E83}.Debug|x64.ActiveCfg = Debug|x64
		{FDD4BB7A-AAAB-4586-9A1C-55CBF2394E83}.Debug|x64.Build.0 = Debug|x64
		{FDD4BB7A-AAAB-4586-9A1C-55CBF2394E83}.Release|Any CPU.ActiveCfg = Release|Any CPU
		{FDD4BB7A-AAAB-4586-9A1C-55CBF2394E83}.Release|Any CPU.Build.0 = Release|Any CPU
		{FDD4BB7A-AAAB-4586-9A1C-55CBF2394E83}.Release|x64.ActiveCfg = Release|x64
		{FDD4BB7A-AAAB-4586-9A1C-55CBF2394E83}.Release|x64.Build.0 = Release|x64
		{CD4F6101-96E8-4BD6-B966-229C23975986}.Debug|Any CPU.ActiveCfg = Debug|Any CPU
		{CD4F6101-96E8-4BD6-B966-229C23975986}.Debug|Any CPU.Build.0 = Debug|Any CPU
		{CD4F6101-96E8-4BD6-B966-229C23975986}.Debug|x64.ActiveCfg = Debug|x64
		{CD4F6101-96E8-4BD6-B966-229C23975986}.Debug|x64.Build.0 = Debug|x64
		{CD4F6101-96E8-4BD6-B966-229C23975986}.Release|Any CPU.ActiveCfg = Release|Any CPU
		{CD4F6101-96E8-4BD6-B966-229C23975986}.Release|Any CPU.Build.0 = Release|Any CPU
		{CD4F6101-96E8-4BD6-B966-229C23975986}.Release|x64.ActiveCfg = Release|x64
		{CD4F6101-96E8-4BD6-B966-229C23975986}.Release|x64.Build.0 = Release|x64
	EndGlobalSection
	GlobalSection(SolutionProperties) = preSolution
		HideSolutionNode = FALSE
	EndGlobalSection
	GlobalSection(ExtensibilityGlobals) = postSolution
		SolutionGuid = {C82D0333-CD5D-43B1-AB4C-59762AE79355}
	EndGlobalSection
EndGlobal
