
Microsoft Visual Studio Solution File, Format Version 12.00
# Visual Studio Version 16
VisualStudioVersion = 16.0.29709.97
MinimumVisualStudioVersion = 10.0.40219.1
Project("{FAE04EC0-301F-11D3-BF4B-00C04F79EFBC}") = "EndesaBusiness", "EndesaBusiness\EndesaBusiness.csproj", "{FDD4BB7A-AAAB-4586-9A1C-55CBF2394E83}"
EndProject
Global
	GlobalSection(SolutionConfigurationPlatforms) = preSolution
		Debug|Any CPU = Debug|Any CPU
		Release|Any CPU = Release|Any CPU
	EndGlobalSection
	GlobalSection(ProjectConfigurationPlatforms) = postSolution
		{FDD4BB7A-AAAB-4586-9A1C-55CBF2394E83}.Debug|Any CPU.ActiveCfg = Debug|Any CPU
		{FDD4BB7A-AAAB-4586-9A1C-55CBF2394E83}.Debug|Any CPU.Build.0 = Debug|Any CPU
		{FDD4BB7A-AAAB-4586-9A1C-55CBF2394E83}.Release|Any CPU.ActiveCfg = Release|Any CPU
		{FDD4BB7A-AAAB-4586-9A1C-55CBF2394E83}.Release|Any CPU.Build.0 = Release|Any CPU
	EndGlobalSection
	GlobalSection(SolutionProperties) = preSolution
		HideSolutionNode = FALSE
	EndGlobalSection
	GlobalSection(ExtensibilityGlobals) = postSolution
		SolutionGuid = {4A5D6E35-F640-4F9C-83A7-3764152D3E07}
	EndGlobalSection
EndGlobal
